
Microsoft Visual Studio Solution File, Format Version 12.00
# Visual Studio Version 17
VisualStudioVersion = 17.14.36127.28 d17.14
MinimumVisualStudioVersion = 10.0.40219.1
Project("{2150E333-8FDC-42A3-9474-1A3956D46DE8}") = "src", "src", "{02EA681E-C7D8-13C7-8484-4AC65E1B71E8}"
EndProject
Project("{FAE04EC0-301F-11D3-BF4B-00C04F79EFBC}") = "Hex.Arc.Core", "Hex.Arc.Core\Hex.Arc.Core.csproj", "{DF4C6A82-DE4B-4EFA-BC9F-9F84A49C6AB8}"
EndProject
Project("{FAE04EC0-301F-11D3-BF4B-00C04F79EFBC}") = "Hex.Arch.Infrastructure", "Hex.Arch.Infrastructure\Hex.Arch.Infrastructure.csproj", "{3B34472C-7A56-4A4E-8CC7-676662AD2167}"
EndProject
Project("{FAE04EC0-301F-11D3-BF4B-00C04F79EFBC}") = "Hex.Arc.API", "Hex.Arc.API\Hex.Arc.API.csproj", "{2F8829BF-BE59-469E-AFF5-E5E1283968E8}"
EndProject
Global
	GlobalSection(SolutionConfigurationPlatforms) = preSolution
		Debug|Any CPU = Debug|Any CPU
		Release|Any CPU = Release|Any CPU
	EndGlobalSection
	GlobalSection(ProjectConfigurationPlatforms) = postSolution
		{DF4C6A82-DE4B-4EFA-BC9F-9F84A49C6AB8}.Debug|Any CPU.ActiveCfg = Debug|Any CPU
		{DF4C6A82-DE4B-4EFA-BC9F-9F84A49C6AB8}.Debug|Any CPU.Build.0 = Debug|Any CPU
		{DF4C6A82-DE4B-4EFA-BC9F-9F84A49C6AB8}.Release|Any CPU.ActiveCfg = Release|Any CPU
		{DF4C6A82-DE4B-4EFA-BC9F-9F84A49C6AB8}.Release|Any CPU.Build.0 = Release|Any CPU
		{3B34472C-7A56-4A4E-8CC7-676662AD2167}.Debug|Any CPU.ActiveCfg = Debug|Any CPU
		{3B34472C-7A56-4A4E-8CC7-676662AD2167}.Debug|Any CPU.Build.0 = Debug|Any CPU
		{3B34472C-7A56-4A4E-8CC7-676662AD2167}.Release|Any CPU.ActiveCfg = Release|Any CPU
		{3B34472C-7A56-4A4E-8CC7-676662AD2167}.Release|Any CPU.Build.0 = Release|Any CPU
		{2F8829BF-BE59-469E-AFF5-E5E1283968E8}.Debug|Any CPU.ActiveCfg = Debug|Any CPU
		{2F8829BF-BE59-469E-AFF5-E5E1283968E8}.Debug|Any CPU.Build.0 = Debug|Any CPU
		{2F8829BF-BE59-469E-AFF5-E5E1283968E8}.Release|Any CPU.ActiveCfg = Release|Any CPU
		{2F8829BF-BE59-469E-AFF5-E5E1283968E8}.Release|Any CPU.Build.0 = Release|Any CPU
	EndGlobalSection
	GlobalSection(SolutionProperties) = preSolution
		HideSolutionNode = FALSE
	EndGlobalSection
	GlobalSection(NestedProjects) = preSolution
		{DF4C6A82-DE4B-4EFA-BC9F-9F84A49C6AB8} = {02EA681E-C7D8-13C7-8484-4AC65E1B71E8}
		{3B34472C-7A56-4A4E-8CC7-676662AD2167} = {02EA681E-C7D8-13C7-8484-4AC65E1B71E8}
		{2F8829BF-BE59-469E-AFF5-E5E1283968E8} = {02EA681E-C7D8-13C7-8484-4AC65E1B71E8}
	EndGlobalSection
	GlobalSection(ExtensibilityGlobals) = postSolution
		SolutionGuid = {DE366038-AC3A-480D-B83C-33B36B638C8B}
	EndGlobalSection
EndGlobal
